
Microsoft Visual Studio Solution File, Format Version 12.00
# Visual Studio Version 16
VisualStudioVersion = 16.0.31605.320
MinimumVisualStudioVersion = 10.0.40219.1
Project("{FAE04EC0-301F-11D3-BF4B-00C04F79EFBC}") = "While", "While\While.csproj", "{8A9C3BA7-D21A-477B-BF0B-AE1D193A5812}"
EndProject
Project("{FAE04EC0-301F-11D3-BF4B-00C04F79EFBC}") = "DoWhile", "DoWhile\DoWhile.csproj", "{99A8666B-23FB-4F09-B9A2-3AA327CB627C}"
EndProject
Project("{FAE04EC0-301F-11D3-BF4B-00C04F79EFBC}") = "IteracionAnidada", "IteracionAnidada\IteracionAnidada.csproj", "{2C322600-6083-449A-B9AF-FDE114547F51}"
EndProject
Global
	GlobalSection(SolutionConfigurationPlatforms) = preSolution
		Debug|Any CPU = Debug|Any CPU
		Release|Any CPU = Release|Any CPU
	EndGlobalSection
	GlobalSection(ProjectConfigurationPlatforms) = postSolution
		{8A9C3BA7-D21A-477B-BF0B-AE1D193A5812}.Debug|Any CPU.ActiveCfg = Debug|Any CPU
		{8A9C3BA7-D21A-477B-BF0B-AE1D193A5812}.Debug|Any CPU.Build.0 = Debug|Any CPU
		{8A9C3BA7-D21A-477B-BF0B-AE1D193A5812}.Release|Any CPU.ActiveCfg = Release|Any CPU
		{8A9C3BA7-D21A-477B-BF0B-AE1D193A5812}.Release|Any CPU.Build.0 = Release|Any CPU
		{99A8666B-23FB-4F09-B9A2-3AA327CB627C}.Debug|Any CPU.ActiveCfg = Debug|Any CPU
		{99A8666B-23FB-4F09-B9A2-3AA327CB627C}.Debug|Any CPU.Build.0 = Debug|Any CPU
		{99A8666B-23FB-4F09-B9A2-3AA327CB627C}.Release|Any CPU.ActiveCfg = Release|Any CPU
		{99A8666B-23FB-4F09-B9A2-3AA327CB627C}.Release|Any CPU.Build.0 = Release|Any CPU
		{2C322600-6083-449A-B9AF-FDE114547F51}.Debug|Any CPU.ActiveCfg = Debug|Any CPU
		{2C322600-6083-449A-B9AF-FDE114547F51}.Debug|Any CPU.Build.0 = Debug|Any CPU
		{2C322600-6083-449A-B9AF-FDE114547F51}.Release|Any CPU.ActiveCfg = Release|Any CPU
		{2C322600-6083-449A-B9AF-FDE114547F51}.Release|Any CPU.Build.0 = Release|Any CPU
	EndGlobalSection
	GlobalSection(SolutionProperties) = preSolution
		HideSolutionNode = FALSE
	EndGlobalSection
	GlobalSection(ExtensibilityGlobals) = postSolution
		SolutionGuid = {7BAD7EC9-BCDF-4A81-940B-D416DA6C4220}
	EndGlobalSection
EndGlobal
